<?xml version="1.0" encoding="utf-8"?>
<Project ToolsVersion="4.0" xmlns="http://schemas.microsoft.com/developer/msbuild/2003">
  <ItemGroup>
    <Filter Include="Common">
      <UniqueIdentifier>edba1460-5688-495b-8010-4ccc54510bce</UniqueIdentifier>
    </Filter>
    <Filter Include="Assets">
      <UniqueIdentifier>04be0b13-1a82-4ee2-8d5a-2e2b1e32b373</UniqueIdentifier>
      <Extensions>bmp;fbx;gif;jpg;jpeg;tga;tiff;tif;png</Extensions>
    </Filter>
    <Filter Include="Content">
      <UniqueIdentifier>b7e36159-05d0-4257-9a98-aaef46784dbb</UniqueIdentifier>
    </Filter>
    <Image Include="Assets\LockScreenLogo.scale-200.png">
      <Filter>Assets</Filter>
    </Image>
    <Image Include="Assets\SplashScreen.scale-200.png">
      <Filter>Assets</Filter>
    </Image>
    <Image Include="Assets\Square150x150Logo.scale-200.png">
      <Filter>Assets</Filter>
    </Image>
    <Image Include="Assets\Square44x44Logo.scale-200.png">
      <Filter>Assets</Filter>
    </Image>
    <Image Include="Assets\Square44x44Logo.targetsize-24_altform-unplated.png">
      <Filter>Assets</Filter>
    </Image>
    <Image Include="Assets\Wide310x150Logo.scale-200.png">
      <Filter>Assets</Filter>
    </Image>
    <Filter Include="Content\Source">
      <UniqueIdentifier>{0ad65f92-c343-4f25-841a-d4250a9836ee}</UniqueIdentifier>
    </Filter>
    <Filter Include="Content\Headers">
      <UniqueIdentifier>{7a943e08-c34d-4a4d-ab5b-bebc9de0b899}</UniqueIdentifier>
    </Filter>
    <Filter Include="Content\Shaders">
      <UniqueIdentifier>{f7b548d4-2b99-421e-9fea-a232f8f0f11e}</UniqueIdentifier>
    </Filter>
    <Filter Include="Common\Headers">
      <UniqueIdentifier>{722ed0b3-3035-4fa3-8345-74477b9452e6}</UniqueIdentifier>
    </Filter>
    <Filter Include="Common\Source">
      <UniqueIdentifier>{6ce5511b-6e37-49a1-8d5e-bfa27029cc93}</UniqueIdentifier>
    </Filter>
  </ItemGroup>
  <ItemGroup>
    <ClCompile Include="App.cpp">
      <Filter>Content\Source</Filter>
    </ClCompile>
    <ClCompile Include="DX11UWAMain.cpp">
      <Filter>Content\Source</Filter>
    </ClCompile>
    <ClCompile Include="Content\Sample3DSceneRenderer.cpp">
      <Filter>Content\Source</Filter>
    </ClCompile>
    <ClCompile Include="Content\SampleFpsTextRenderer.cpp">
      <Filter>Content\Source</Filter>
    </ClCompile>
    <ClCompile Include="pch.cpp">
      <Filter>Content\Source</Filter>
    </ClCompile>
    <ClCompile Include="Common\DDSTextureLoader.cpp">
      <Filter>Common\Source</Filter>
    </ClCompile>
    <ClCompile Include="Common\DeviceResources.cpp">
      <Filter>Common\Source</Filter>
    </ClCompile>
  </ItemGroup>
  <ItemGroup>
    <ClInclude Include="Content\Sample3DSceneRenderer.h">
      <Filter>Content\Headers</Filter>
    </ClInclude>
    <ClInclude Include="Content\SampleFpsTextRenderer.h">
      <Filter>Content\Headers</Filter>
    </ClInclude>
    <ClInclude Include="Content\ShaderStructures.h">
      <Filter>Content\Headers</Filter>
    </ClInclude>
    <ClInclude Include="DX11UWAMain.h">
      <Filter>Content\Headers</Filter>
    </ClInclude>
    <ClInclude Include="App.h">
      <Filter>Content\Headers</Filter>
    </ClInclude>
    <ClInclude Include="pch.h">
      <Filter>Content\Headers</Filter>
    </ClInclude>
    <ClInclude Include="Common\DDSTextureLoader.h">
      <Filter>Common\Headers</Filter>
    </ClInclude>
    <ClInclude Include="Common\DeviceResources.h">
      <Filter>Common\Headers</Filter>
    </ClInclude>
    <ClInclude Include="Common\DirectXHelper.h">
      <Filter>Common\Headers</Filter>
    </ClInclude>
    <ClInclude Include="Common\StepTimer.h">
      <Filter>Common\Headers</Filter>
    </ClInclude>
  </ItemGroup>
  <ItemGroup>
    <Image Include="Assets\StoreLogo.png">
      <Filter>Assets</Filter>
    </Image>
    <Image Include="Assets\035b7734.dds">
      <Filter>Assets</Filter>
    </Image>
    <Image Include="Assets\haunter.dds">
      <Filter>Assets</Filter>
    </Image>
    <Image Include="Assets\plat.dds">
      <Filter>Assets</Filter>
    </Image>
    <Image Include="Assets\graveller.dds">
      <Filter>Assets</Filter>
    </Image>
    <Image Include="Assets\SunsetSkybox.dds">
      <Filter>Assets</Filter>
    </Image>
    <Image Include="Assets\MidBoss_Floor_Diffuse.dds">
      <Filter>Assets</Filter>
    </Image>
    <Image Include="Assets\field.dds">
      <Filter>Assets</Filter>
    </Image>
    <Image Include="Assets\fieldnormal.dds">
      <Filter>Assets</Filter>
    </Image>
    <Image Include="Assets\MidBoss_Floor_Normal.dds">
      <Filter>Assets</Filter>
    </Image>
    <Image Include="Assets\normtest.dds">
      <Filter>Assets</Filter>
    </Image>
    <Image Include="Assets\High.dds">
      <Filter>Assets</Filter>
    </Image>
    <Image Include="Assets\spyro.dds">
      <Filter>Assets</Filter>
    </Image>
    <Image Include="Assets\Ngin.dds">
      <Filter>Assets</Filter>
    </Image>
    <Image Include="Assets\Zam.dds">
      <Filter>Assets</Filter>
    </Image>
  </ItemGroup>
  <ItemGroup>
    <AppxManifest Include="Package.appxmanifest" />
  </ItemGroup>
  <ItemGroup>
    <None Include="DX11UWA_TemporaryKey.pfx" />
    <None Include="Assets\ditto.obj">
      <Filter>Assets</Filter>
    </None>
    <None Include="Assets\haunter.obj">
      <Filter>Assets</Filter>
    </None>
    <None Include="Assets\MMstage.obj">
      <Filter>Assets</Filter>
    </None>
    <None Include="Assets\graveller.obj">
      <Filter>Assets</Filter>
    </None>
    <None Include="Assets\Artisans Hub.obj">
      <Filter>Assets</Filter>
    </None>
    <None Include="Assets\spyro.obj">
      <Filter>Assets</Filter>
    </None>
    <None Include="Assets\Ngin.obj">
      <Filter>Assets</Filter>
    </None>
    <None Include="Assets\Zam.obj">
      <Filter>Assets</Filter>
    </None>
  </ItemGroup>
  <ItemGroup>
    <FxCompile Include="Content\SamplePixelShader.hlsl">
      <Filter>Content\Shaders</Filter>
    </FxCompile>
    <FxCompile Include="Content\SampleVertexShader.hlsl">
      <Filter>Content\Shaders</Filter>
    </FxCompile>
    <FxCompile Include="Content\MyPixelShader.hlsl">
      <Filter>Content\Shaders</Filter>
    </FxCompile>
    <FxCompile Include="Content\MyVertexShader.hlsl">
      <Filter>Content\Shaders</Filter>
    </FxCompile>
    <FxCompile Include="Content\SkyPixelShader.hlsl">
      <Filter>Content\Shaders</Filter>
    </FxCompile>
    <FxCompile Include="Content\SkyVertexShader.hlsl">
      <Filter>Content\Shaders</Filter>
    </FxCompile>
    <FxCompile Include="Content\NormPixelShader.hlsl">
      <Filter>Content\Shaders</Filter>
    </FxCompile>
    <FxCompile Include="Content\NormVertexShader.hlsl">
      <Filter>Content\Shaders</Filter>
    </FxCompile>
    <FxCompile Include="Content\PostPixelShader.hlsl">
      <Filter>Content\Shaders</Filter>
    </FxCompile>
  </ItemGroup>
</Project>